
Microsoft Visual Studio Solution File, Format Version 12.00
# Visual Studio Version 16
VisualStudioVersion = 16.0.30621.155
MinimumVisualStudioVersion = 10.0.40219.1
Project("{9A19103F-16F7-4668-BE54-9A1E7A4F7556}") = "SmashArcNet", "SmashArcNet\SmashArcNet.csproj", "{2F80CE4B-E180-41B5-B31D-E31DC7886A72}"
EndProject
Project("{FAE04EC0-301F-11D3-BF4B-00C04F79EFBC}") = "SmashArcNetCLI", "SmashArcNetCLI\SmashArcNetCLI.csproj", "{2E058956-491E-447A-BC7C-19DD896695B0}"
EndProject
Global
	GlobalSection(SolutionConfigurationPlatforms) = preSolution
		Debug|Any CPU = Debug|Any CPU
		Release|Any CPU = Release|Any CPU
	EndGlobalSection
	GlobalSection(ProjectConfigurationPlatforms) = postSolution
		{2F80CE4B-E180-41B5-B31D-E31DC7886A72}.Debug|Any CPU.ActiveCfg = Debug|Any CPU
		{2F80CE4B-E180-41B5-B31D-E31DC7886A72}.Debug|Any CPU.Build.0 = Debug|Any CPU
		{2F80CE4B-E180-41B5-B31D-E31DC7886A72}.Release|Any CPU.ActiveCfg = Release|Any CPU
		{2F80CE4B-E180-41B5-B31D-E31DC7886A72}.Release|Any CPU.Build.0 = Release|Any CPU
		{2E058956-491E-447A-BC7C-19DD896695B0}.Debug|Any CPU.ActiveCfg = Debug|Any CPU
		{2E058956-491E-447A-BC7C-19DD896695B0}.Debug|Any CPU.Build.0 = Debug|Any CPU
		{2E058956-491E-447A-BC7C-19DD896695B0}.Release|Any CPU.ActiveCfg = Release|Any CPU
		{2E058956-491E-447A-BC7C-19DD896695B0}.Release|Any CPU.Build.0 = Release|Any CPU
	EndGlobalSection
	GlobalSection(SolutionProperties) = preSolution
		HideSolutionNode = FALSE
	EndGlobalSection
	GlobalSection(ExtensibilityGlobals) = postSolution
		SolutionGuid = {BDD399F3-7B56-4D28-ABB9-B251F96D70C0}
	EndGlobalSection
EndGlobal
